
Microsoft Visual Studio Solution File, Format Version 12.00
# Visual Studio 14
VisualStudioVersion = 14.0.25420.1
MinimumVisualStudioVersion = 10.0.40219.1
Project("{FAE04EC0-301F-11D3-BF4B-00C04F79EFBC}") = "DMSWcfServices", "DMSWcfServices\DMSWcfServices.csproj", "{018A69F7-3F2B-4A05-8483-BA10C58B715E}"
EndProject
Global
	GlobalSection(SolutionConfigurationPlatforms) = preSolution
		Debug|Any CPU = Debug|Any CPU
		Release|Any CPU = Release|Any CPU
	EndGlobalSection
	GlobalSection(ProjectConfigurationPlatforms) = postSolution
		{018A69F7-3F2B-4A05-8483-BA10C58B715E}.Debug|Any CPU.ActiveCfg = Debug|Any CPU
		{018A69F7-3F2B-4A05-8483-BA10C58B715E}.Debug|Any CPU.Build.0 = Debug|Any CPU
		{018A69F7-3F2B-4A05-8483-BA10C58B715E}.Release|Any CPU.ActiveCfg = Release|Any CPU
		{018A69F7-3F2B-4A05-8483-BA10C58B715E}.Release|Any CPU.Build.0 = Release|Any CPU
	EndGlobalSection
	GlobalSection(SolutionProperties) = preSolution
		HideSolutionNode = FALSE
	EndGlobalSection
EndGlobal
