
Microsoft Visual Studio Solution File, Format Version 12.00
# Visual Studio 15
VisualStudioVersion = 15.0.26430.15
MinimumVisualStudioVersion = 10.0.40219.1
Project("{FAE04EC0-301F-11D3-BF4B-00C04F79EFBC}") = "NetCoreTryout", "NetCoreTryout\NetCoreTryout.csproj", "{F25C3E0A-108E-412B-ACD0-FD219B347CDA}"
EndProject
Global
	GlobalSection(SolutionConfigurationPlatforms) = preSolution
		Debug|Any CPU = Debug|Any CPU
		Release|Any CPU = Release|Any CPU
	EndGlobalSection
	GlobalSection(ProjectConfigurationPlatforms) = postSolution
		{F25C3E0A-108E-412B-ACD0-FD219B347CDA}.Debug|Any CPU.ActiveCfg = Debug|Any CPU
		{F25C3E0A-108E-412B-ACD0-FD219B347CDA}.Debug|Any CPU.Build.0 = Debug|Any CPU
		{F25C3E0A-108E-412B-ACD0-FD219B347CDA}.Release|Any CPU.ActiveCfg = Release|Any CPU
		{F25C3E0A-108E-412B-ACD0-FD219B347CDA}.Release|Any CPU.Build.0 = Release|Any CPU
	EndGlobalSection
	GlobalSection(SolutionProperties) = preSolution
		HideSolutionNode = FALSE
	EndGlobalSection
EndGlobal
