
Microsoft Visual Studio Solution File, Format Version 12.00
# Visual Studio 15
VisualStudioVersion = 15.0.26430.15
MinimumVisualStudioVersion = 10.0.40219.1
Project("{9A19103F-16F7-4668-BE54-9A1E7A4F7556}") = "ConfigurationService", "ConfigurationService\ConfigurationService.csproj", "{AB8DD7FF-C409-42D6-9C68-289BF2ECF4F6}"
EndProject
Project("{E53339B2-1760-4266-BCC7-CA923CBCF16C}") = "docker-compose", "docker-compose.dcproj", "{D9FD73EB-0C80-43A5-A526-03B67F02A8FE}"
EndProject
Global
	GlobalSection(SolutionConfigurationPlatforms) = preSolution
		Debug|Any CPU = Debug|Any CPU
		Release|Any CPU = Release|Any CPU
	EndGlobalSection
	GlobalSection(ProjectConfigurationPlatforms) = postSolution
		{AB8DD7FF-C409-42D6-9C68-289BF2ECF4F6}.Debug|Any CPU.ActiveCfg = Debug|Any CPU
		{AB8DD7FF-C409-42D6-9C68-289BF2ECF4F6}.Debug|Any CPU.Build.0 = Debug|Any CPU
		{AB8DD7FF-C409-42D6-9C68-289BF2ECF4F6}.Release|Any CPU.ActiveCfg = Release|Any CPU
		{AB8DD7FF-C409-42D6-9C68-289BF2ECF4F6}.Release|Any CPU.Build.0 = Release|Any CPU
		{D9FD73EB-0C80-43A5-A526-03B67F02A8FE}.Debug|Any CPU.ActiveCfg = Debug|Any CPU
		{D9FD73EB-0C80-43A5-A526-03B67F02A8FE}.Debug|Any CPU.Build.0 = Debug|Any CPU
		{D9FD73EB-0C80-43A5-A526-03B67F02A8FE}.Release|Any CPU.ActiveCfg = Release|Any CPU
		{D9FD73EB-0C80-43A5-A526-03B67F02A8FE}.Release|Any CPU.Build.0 = Release|Any CPU
	EndGlobalSection
	GlobalSection(SolutionProperties) = preSolution
		HideSolutionNode = FALSE
	EndGlobalSection
EndGlobal
